
Microsoft Visual Studio Solution File, Format Version 12.00
# Visual Studio Version 17
VisualStudioVersion = 17.12.35527.113
MinimumVisualStudioVersion = 10.0.40219.1
Project("{FAE04EC0-301F-11D3-BF4B-00C04F79EFBC}") = "ZeroAdBrowser.Api", "ZeroAdBrowser.Api\ZeroAdBrowser.Api.csproj", "{CA55939E-429B-49DF-BBE2-281D8A935E22}"
EndProject
Project("{FAE04EC0-301F-11D3-BF4B-00C04F79EFBC}") = "ZeroAdBrowser.AzureFunctions", "ZeroAdBrowser.AzureFunctions\ZeroAdBrowser.AzureFunctions.csproj", "{B80EC0CB-23F9-4ADB-BECB-693ECC3151C7}"
EndProject
Project("{FAE04EC0-301F-11D3-BF4B-00C04F79EFBC}") = "ZeroAdBrowser.TrackersProvider", "ZeroAdBrowser.TrackersProvider\ZeroAdBrowser.TrackersProvider.csproj", "{AC43D496-20DF-4B6D-926E-6C3FFAFB5BCC}"
EndProject
Global
	GlobalSection(SolutionConfigurationPlatforms) = preSolution
		Debug|Any CPU = Debug|Any CPU
		Release|Any CPU = Release|Any CPU
	EndGlobalSection
	GlobalSection(ProjectConfigurationPlatforms) = postSolution
		{CA55939E-429B-49DF-BBE2-281D8A935E22}.Debug|Any CPU.ActiveCfg = Debug|Any CPU
		{CA55939E-429B-49DF-BBE2-281D8A935E22}.Debug|Any CPU.Build.0 = Debug|Any CPU
		{CA55939E-429B-49DF-BBE2-281D8A935E22}.Release|Any CPU.ActiveCfg = Release|Any CPU
		{CA55939E-429B-49DF-BBE2-281D8A935E22}.Release|Any CPU.Build.0 = Release|Any CPU
		{B80EC0CB-23F9-4ADB-BECB-693ECC3151C7}.Debug|Any CPU.ActiveCfg = Debug|Any CPU
		{B80EC0CB-23F9-4ADB-BECB-693ECC3151C7}.Debug|Any CPU.Build.0 = Debug|Any CPU
		{B80EC0CB-23F9-4ADB-BECB-693ECC3151C7}.Release|Any CPU.ActiveCfg = Release|Any CPU
		{B80EC0CB-23F9-4ADB-BECB-693ECC3151C7}.Release|Any CPU.Build.0 = Release|Any CPU
		{AC43D496-20DF-4B6D-926E-6C3FFAFB5BCC}.Debug|Any CPU.ActiveCfg = Debug|Any CPU
		{AC43D496-20DF-4B6D-926E-6C3FFAFB5BCC}.Debug|Any CPU.Build.0 = Debug|Any CPU
		{AC43D496-20DF-4B6D-926E-6C3FFAFB5BCC}.Release|Any CPU.ActiveCfg = Release|Any CPU
		{AC43D496-20DF-4B6D-926E-6C3FFAFB5BCC}.Release|Any CPU.Build.0 = Release|Any CPU
	EndGlobalSection
	GlobalSection(SolutionProperties) = preSolution
		HideSolutionNode = FALSE
	EndGlobalSection
EndGlobal
